
Microsoft Visual Studio Solution File, Format Version 12.00
# Visual Studio Version 17
VisualStudioVersion = 17.5.33424.131
MinimumVisualStudioVersion = 10.0.40219.1
Project("{FAE04EC0-301F-11D3-BF4B-00C04F79EFBC}") = "Web", "Web\Web.csproj", "{493EF740-804A-4B98-A4EA-C7DA01DA4073}"
EndProject
Global
	GlobalSection(SolutionConfigurationPlatforms) = preSolution
		Debug|Any CPU = Debug|Any CPU
		Release|Any CPU = Release|Any CPU
	EndGlobalSection
	GlobalSection(ProjectConfigurationPlatforms) = postSolution
		{493EF740-804A-4B98-A4EA-C7DA01DA4073}.Debug|Any CPU.ActiveCfg = Debug|Any CPU
		{493EF740-804A-4B98-A4EA-C7DA01DA4073}.Debug|Any CPU.Build.0 = Debug|Any CPU
		{493EF740-804A-4B98-A4EA-C7DA01DA4073}.Release|Any CPU.ActiveCfg = Release|Any CPU
		{493EF740-804A-4B98-A4EA-C7DA01DA4073}.Release|Any CPU.Build.0 = Release|Any CPU
	EndGlobalSection
	GlobalSection(SolutionProperties) = preSolution
		HideSolutionNode = FALSE
	EndGlobalSection
	GlobalSection(ExtensibilityGlobals) = postSolution
		SolutionGuid = {3811EF1E-A803-4CC1-B10B-52B9139A03CA}
	EndGlobalSection
EndGlobal
